// !$*UTF8*$!
{
	archiveVersion = 1;
	classes = {
	};
	objectVersion = 56;
	objects = {

/* Begin PBXBuildFile section */
		0A3E42B22AB76AF5007A7FC9 /* UsersListController.swift in Sources */ = {isa = PBXBuildFile; fileRef = 0A3E42B12AB76AF5007A7FC9 /* UsersListController.swift */; };
		0A3E42B42AB77C39007A7FC9 /* ListCell.swift in Sources */ = {isa = PBXBuildFile; fileRef = 0A3E42B32AB77C39007A7FC9 /* ListCell.swift */; };
		0A3E42B62AB7916B007A7FC9 /* TestControllerViewController.swift in Sources */ = {isa = PBXBuildFile; fileRef = 0A3E42B52AB7916B007A7FC9 /* TestControllerViewController.swift */; };
		0A3E42BA2AB796B0007A7FC9 /* ImageView.swift in Sources */ = {isa = PBXBuildFile; fileRef = 0A3E42B92AB796B0007A7FC9 /* ImageView.swift */; };
		0A4DEA622AB2E5B3009F673E /* AppDelegate.swift in Sources */ = {isa = PBXBuildFile; fileRef = 0A4DEA612AB2E5B3009F673E /* AppDelegate.swift */; };
		0A4DEA642AB2E5B3009F673E /* SceneDelegate.swift in Sources */ = {isa = PBXBuildFile; fileRef = 0A4DEA632AB2E5B3009F673E /* SceneDelegate.swift */; };
		0A4DEA662AB2E5B3009F673E /* ViewController.swift in Sources */ = {isa = PBXBuildFile; fileRef = 0A4DEA652AB2E5B3009F673E /* ViewController.swift */; };
		0A4DEA692AB2E5B3009F673E /* Main.storyboard in Resources */ = {isa = PBXBuildFile; fileRef = 0A4DEA672AB2E5B3009F673E /* Main.storyboard */; };
		0A4DEA6B2AB2E5B4009F673E /* Assets.xcassets in Resources */ = {isa = PBXBuildFile; fileRef = 0A4DEA6A2AB2E5B4009F673E /* Assets.xcassets */; };
		0A4DEA6E2AB2E5B4009F673E /* LaunchScreen.storyboard in Resources */ = {isa = PBXBuildFile; fileRef = 0A4DEA6C2AB2E5B4009F673E /* LaunchScreen.storyboard */; };
		0A4DEA762AB2E5F5009F673E /* LoginViewController.swift in Sources */ = {isa = PBXBuildFile; fileRef = 0A4DEA752AB2E5F5009F673E /* LoginViewController.swift */; };
		0A733CA22AB4468000634C43 /* User.swift in Sources */ = {isa = PBXBuildFile; fileRef = 0A733CA12AB4468000634C43 /* User.swift */; };
		0A733CA42AB458BA00634C43 /* EmployeeView.swift in Sources */ = {isa = PBXBuildFile; fileRef = 0A733CA32AB458BA00634C43 /* EmployeeView.swift */; };
		0AA1CD602AB3435A0059349F /* UserViewController.swift in Sources */ = {isa = PBXBuildFile; fileRef = 0AA1CD5F2AB3435A0059349F /* UserViewController.swift */; };
/* End PBXBuildFile section */

/* Begin PBXFileReference section */
		0A3E42B12AB76AF5007A7FC9 /* UsersListController.swift */ = {isa = PBXFileReference; lastKnownFileType = sourcecode.swift; path = UsersListController.swift; sourceTree = "<group>"; };
		0A3E42B32AB77C39007A7FC9 /* ListCell.swift */ = {isa = PBXFileReference; lastKnownFileType = sourcecode.swift; path = ListCell.swift; sourceTree = "<group>"; };
		0A3E42B52AB7916B007A7FC9 /* TestControllerViewController.swift */ = {isa = PBXFileReference; lastKnownFileType = sourcecode.swift; path = TestControllerViewController.swift; sourceTree = "<group>"; };
		0A3E42B92AB796B0007A7FC9 /* ImageView.swift */ = {isa = PBXFileReference; lastKnownFileType = sourcecode.swift; path = ImageView.swift; sourceTree = "<group>"; };
		0A4DEA5E2AB2E5B3009F673E /* bestAppPossibleEver.app */ = {isa = PBXFileReference; explicitFileType = wrapper.application; includeInIndex = 0; path = bestAppPossibleEver.app; sourceTree = BUILT_PRODUCTS_DIR; };
		0A4DEA612AB2E5B3009F673E /* AppDelegate.swift */ = {isa = PBXFileReference; lastKnownFileType = sourcecode.swift; path = AppDelegate.swift; sourceTree = "<group>"; };
		0A4DEA632AB2E5B3009F673E /* SceneDelegate.swift */ = {isa = PBXFileReference; lastKnownFileType = sourcecode.swift; path = SceneDelegate.swift; sourceTree = "<group>"; };
		0A4DEA652AB2E5B3009F673E /* ViewController.swift */ = {isa = PBXFileReference; lastKnownFileType = sourcecode.swift; path = ViewController.swift; sourceTree = "<group>"; };
		0A4DEA682AB2E5B3009F673E /* Base */ = {isa = PBXFileReference; lastKnownFileType = file.storyboard; name = Base; path = Base.lproj/Main.storyboard; sourceTree = "<group>"; };
		0A4DEA6A2AB2E5B4009F673E /* Assets.xcassets */ = {isa = PBXFileReference; lastKnownFileType = folder.assetcatalog; path = Assets.xcassets; sourceTree = "<group>"; };
		0A4DEA6D2AB2E5B4009F673E /* Base */ = {isa = PBXFileReference; lastKnownFileType = file.storyboard; name = Base; path = Base.lproj/LaunchScreen.storyboard; sourceTree = "<group>"; };
		0A4DEA6F2AB2E5B4009F673E /* Info.plist */ = {isa = PBXFileReference; lastKnownFileType = text.plist.xml; path = Info.plist; sourceTree = "<group>"; };
		0A4DEA752AB2E5F5009F673E /* LoginViewController.swift */ = {isa = PBXFileReference; lastKnownFileType = sourcecode.swift; path = LoginViewController.swift; sourceTree = "<group>"; };
		0A733CA12AB4468000634C43 /* User.swift */ = {isa = PBXFileReference; lastKnownFileType = sourcecode.swift; path = User.swift; sourceTree = "<group>"; };
		0A733CA32AB458BA00634C43 /* EmployeeView.swift */ = {isa = PBXFileReference; lastKnownFileType = sourcecode.swift; path = EmployeeView.swift; sourceTree = "<group>"; };
		0AA1CD5F2AB3435A0059349F /* UserViewController.swift */ = {isa = PBXFileReference; lastKnownFileType = sourcecode.swift; path = UserViewController.swift; sourceTree = "<group>"; };
/* End PBXFileReference section */

/* Begin PBXFrameworksBuildPhase section */
		0A4DEA5B2AB2E5B3009F673E /* Frameworks */ = {
			isa = PBXFrameworksBuildPhase;
			buildActionMask = 2147483647;
			files = (
			);
			runOnlyForDeploymentPostprocessing = 0;
		};
/* End PBXFrameworksBuildPhase section */

/* Begin PBXGroup section */
		0A4DEA552AB2E5B3009F673E = {
			isa = PBXGroup;
			children = (
				0A4DEA602AB2E5B3009F673E /* bestAppPossibleEver */,
				0A4DEA5F2AB2E5B3009F673E /* Products */,
			);
			sourceTree = "<group>";
		};
		0A4DEA5F2AB2E5B3009F673E /* Products */ = {
			isa = PBXGroup;
			children = (
				0A4DEA5E2AB2E5B3009F673E /* bestAppPossibleEver.app */,
			);
			name = Products;
			sourceTree = "<group>";
		};
		0A4DEA602AB2E5B3009F673E /* bestAppPossibleEver */ = {
			isa = PBXGroup;
			children = (
				0A5C30292AB3D1FB003374B1 /* Controller */,
				0A5C30282AB3D1F1003374B1 /* View */,
				0AC7ED332AB3A97200F8BB6F /* Model */,
				0A4DEA612AB2E5B3009F673E /* AppDelegate.swift */,
				0A4DEA632AB2E5B3009F673E /* SceneDelegate.swift */,
				0A4DEA672AB2E5B3009F673E /* Main.storyboard */,
				0A4DEA6A2AB2E5B4009F673E /* Assets.xcassets */,
				0A4DEA6C2AB2E5B4009F673E /* LaunchScreen.storyboard */,
				0A4DEA6F2AB2E5B4009F673E /* Info.plist */,
			);
			path = bestAppPossibleEver;
			sourceTree = "<group>";
		};
		0A5C30282AB3D1F1003374B1 /* View */ = {
			isa = PBXGroup;
			children = (
				0A733CA32AB458BA00634C43 /* EmployeeView.swift */,
				0A3E42B32AB77C39007A7FC9 /* ListCell.swift */,
				0A3E42B92AB796B0007A7FC9 /* ImageView.swift */,
			);
			path = View;
			sourceTree = "<group>";
		};
		0A5C30292AB3D1FB003374B1 /* Controller */ = {
			isa = PBXGroup;
			children = (
				0AA1CD5F2AB3435A0059349F /* UserViewController.swift */,
				0A4DEA752AB2E5F5009F673E /* LoginViewController.swift */,
				0A4DEA652AB2E5B3009F673E /* ViewController.swift */,
				0A3E42B12AB76AF5007A7FC9 /* UsersListController.swift */,
				0A3E42B52AB7916B007A7FC9 /* TestControllerViewController.swift */,
			);
			path = Controller;
			sourceTree = "<group>";
		};
		0AC7ED332AB3A97200F8BB6F /* Model */ = {
			isa = PBXGroup;
			children = (
				0A733CA12AB4468000634C43 /* User.swift */,
			);
			path = Model;
			sourceTree = "<group>";
		};
/* End PBXGroup section */

/* Begin PBXNativeTarget section */
		0A4DEA5D2AB2E5B3009F673E /* bestAppPossibleEver */ = {
			isa = PBXNativeTarget;
			buildConfigurationList = 0A4DEA722AB2E5B4009F673E /* Build configuration list for PBXNativeTarget "bestAppPossibleEver" */;
			buildPhases = (
				0A4DEA5A2AB2E5B3009F673E /* Sources */,
				0A4DEA5B2AB2E5B3009F673E /* Frameworks */,
				0A4DEA5C2AB2E5B3009F673E /* Resources */,
			);
			buildRules = (
			);
			dependencies = (
			);
			name = bestAppPossibleEver;
			productName = bestAppPossibleEver;
			productReference = 0A4DEA5E2AB2E5B3009F673E /* bestAppPossibleEver.app */;
			productType = "com.apple.product-type.application";
		};
/* End PBXNativeTarget section */

/* Begin PBXProject section */
		0A4DEA562AB2E5B3009F673E /* Project object */ = {
			isa = PBXProject;
			attributes = {
				BuildIndependentTargetsInParallel = 1;
				LastSwiftUpdateCheck = 1430;
				LastUpgradeCheck = 1430;
				TargetAttributes = {
					0A4DEA5D2AB2E5B3009F673E = {
						CreatedOnToolsVersion = 14.3.1;
					};
				};
			};
			buildConfigurationList = 0A4DEA592AB2E5B3009F673E /* Build configuration list for PBXProject "bestAppPossibleEver" */;
			compatibilityVersion = "Xcode 14.0";
			developmentRegion = en;
			hasScannedForEncodings = 0;
			knownRegions = (
				en,
				Base,
			);
			mainGroup = 0A4DEA552AB2E5B3009F673E;
			productRefGroup = 0A4DEA5F2AB2E5B3009F673E /* Products */;
			projectDirPath = "";
			projectRoot = "";
			targets = (
				0A4DEA5D2AB2E5B3009F673E /* bestAppPossibleEver */,
			);
		};
/* End PBXProject section */

/* Begin PBXResourcesBuildPhase section */
		0A4DEA5C2AB2E5B3009F673E /* Resources */ = {
			isa = PBXResourcesBuildPhase;
			buildActionMask = 2147483647;
			files = (
				0A4DEA6E2AB2E5B4009F673E /* LaunchScreen.storyboard in Resources */,
				0A4DEA6B2AB2E5B4009F673E /* Assets.xcassets in Resources */,
				0A4DEA692AB2E5B3009F673E /* Main.storyboard in Resources */,
			);
			runOnlyForDeploymentPostprocessing = 0;
		};
/* End PBXResourcesBuildPhase section */

/* Begin PBXSourcesBuildPhase section */
		0A4DEA5A2AB2E5B3009F673E /* Sources */ = {
			isa = PBXSourcesBuildPhase;
			buildActionMask = 2147483647;
			files = (
				0A4DEA762AB2E5F5009F673E /* LoginViewController.swift in Sources */,
				0AA1CD602AB3435A0059349F /* UserViewController.swift in Sources */,
				0A733CA42AB458BA00634C43 /* EmployeeView.swift in Sources */,
				0A733CA22AB4468000634C43 /* User.swift in Sources */,
				0A3E42BA2AB796B0007A7FC9 /* ImageView.swift in Sources */,
				0A4DEA662AB2E5B3009F673E /* ViewController.swift in Sources */,
				0A4DEA622AB2E5B3009F673E /* AppDelegate.swift in Sources */,
				0A3E42B62AB7916B007A7FC9 /* TestControllerViewController.swift in Sources */,
				0A3E42B42AB77C39007A7FC9 /* ListCell.swift in Sources */,
				0A3E42B22AB76AF5007A7FC9 /* UsersListController.swift in Sources */,
				0A4DEA642AB2E5B3009F673E /* SceneDelegate.swift in Sources */,
			);
			runOnlyForDeploymentPostprocessing = 0;
		};
/* End PBXSourcesBuildPhase section */

/* Begin PBXVariantGroup section */
		0A4DEA672AB2E5B3009F673E /* Main.storyboard */ = {
			isa = PBXVariantGroup;
			children = (
				0A4DEA682AB2E5B3009F673E /* Base */,
			);
			name = Main.storyboard;
			sourceTree = "<group>";
		};
		0A4DEA6C2AB2E5B4009F673E /* LaunchScreen.storyboard */ = {
			isa = PBXVariantGroup;
			children = (
				0A4DEA6D2AB2E5B4009F673E /* Base */,
			);
			name = LaunchScreen.storyboard;
			sourceTree = "<group>";
		};
/* End PBXVariantGroup section */

/* Begin XCBuildConfiguration section */
		0A4DEA702AB2E5B4009F673E /* Debug */ = {
			isa = XCBuildConfiguration;
			buildSettings = {
				ALWAYS_SEARCH_USER_PATHS = NO;
				CLANG_ANALYZER_NONNULL = YES;
				CLANG_ANALYZER_NUMBER_OBJECT_CONVERSION = YES_AGGRESSIVE;
				CLANG_CXX_LANGUAGE_STANDARD = "gnu++20";
				CLANG_ENABLE_MODULES = YES;
				CLANG_ENABLE_OBJC_ARC = YES;
				CLANG_ENABLE_OBJC_WEAK = YES;
				CLANG_WARN_BLOCK_CAPTURE_AUTORELEASING = YES;
				CLANG_WARN_BOOL_CONVERSION = YES;
				CLANG_WARN_COMMA = YES;
				CLANG_WARN_CONSTANT_CONVERSION = YES;
				CLANG_WARN_DEPRECATED_OBJC_IMPLEMENTATIONS = YES;
				CLANG_WARN_DIRECT_OBJC_ISA_USAGE = YES_ERROR;
				CLANG_WARN_DOCUMENTATION_COMMENTS = YES;
				CLANG_WARN_EMPTY_BODY = YES;
				CLANG_WARN_ENUM_CONVERSION = YES;
				CLANG_WARN_INFINITE_RECURSION = YES;
				CLANG_WARN_INT_CONVERSION = YES;
				CLANG_WARN_NON_LITERAL_NULL_CONVERSION = YES;
				CLANG_WARN_OBJC_IMPLICIT_RETAIN_SELF = YES;
				CLANG_WARN_OBJC_LITERAL_CONVERSION = YES;
				CLANG_WARN_OBJC_ROOT_CLASS = YES_ERROR;
				CLANG_WARN_QUOTED_INCLUDE_IN_FRAMEWORK_HEADER = YES;
				CLANG_WARN_RANGE_LOOP_ANALYSIS = YES;
				CLANG_WARN_STRICT_PROTOTYPES = YES;
				CLANG_WARN_SUSPICIOUS_MOVE = YES;
				CLANG_WARN_UNGUARDED_AVAILABILITY = YES_AGGRESSIVE;
				CLANG_WARN_UNREACHABLE_CODE = YES;
				CLANG_WARN__DUPLICATE_METHOD_MATCH = YES;
				COPY_PHASE_STRIP = NO;
				DEBUG_INFORMATION_FORMAT = dwarf;
				ENABLE_STRICT_OBJC_MSGSEND = YES;
				ENABLE_TESTABILITY = YES;
				GCC_C_LANGUAGE_STANDARD = gnu11;
				GCC_DYNAMIC_NO_PIC = NO;
				GCC_NO_COMMON_BLOCKS = YES;
				GCC_OPTIMIZATION_LEVEL = 0;
				GCC_PREPROCESSOR_DEFINITIONS = (
					"DEBUG=1",
					"$(inherited)",
				);
				GCC_WARN_64_TO_32_BIT_CONVERSION = YES;
				GCC_WARN_ABOUT_RETURN_TYPE = YES_ERROR;
				GCC_WARN_UNDECLARED_SELECTOR = YES;
				GCC_WARN_UNINITIALIZED_AUTOS = YES_AGGRESSIVE;
				GCC_WARN_UNUSED_FUNCTION = YES;
				GCC_WARN_UNUSED_VARIABLE = YES;
				IPHONEOS_DEPLOYMENT_TARGET = 16.4;
				MTL_ENABLE_DEBUG_INFO = INCLUDE_SOURCE;
				MTL_FAST_MATH = YES;
				ONLY_ACTIVE_ARCH = YES;
				SDKROOT = iphoneos;
				SWIFT_ACTIVE_COMPILATION_CONDITIONS = DEBUG;
				SWIFT_OPTIMIZATION_LEVEL = "-Onone";
			};
			name = Debug;
		};
		0A4DEA712AB2E5B4009F673E /* Release */ = {
			isa = XCBuildConfiguration;
			buildSettings = {
				ALWAYS_SEARCH_USER_PATHS = NO;
				CLANG_ANALYZER_NONNULL = YES;
				CLANG_ANALYZER_NUMBER_OBJECT_CONVERSION = YES_AGGRESSIVE;
				CLANG_CXX_LANGUAGE_STANDARD = "gnu++20";
				CLANG_ENABLE_MODULES = YES;
				CLANG_ENABLE_OBJC_ARC = YES;
				CLANG_ENABLE_OBJC_WEAK = YES;
				CLANG_WARN_BLOCK_CAPTURE_AUTORELEASING = YES;
				CLANG_WARN_BOOL_CONVERSION = YES;
				CLANG_WARN_COMMA = YES;
				CLANG_WARN_CONSTANT_CONVERSION = YES;
				CLANG_WARN_DEPRECATED_OBJC_IMPLEMENTATIONS = YES;
				CLANG_WARN_DIRECT_OBJC_ISA_USAGE = YES_ERROR;
				CLANG_WARN_DOCUMENTATION_COMMENTS = YES;
				CLANG_WARN_EMPTY_BODY = YES;
				CLANG_WARN_ENUM_CONVERSION = YES;
				CLANG_WARN_INFINITE_RECURSION = YES;
				CLANG_WARN_INT_CONVERSION = YES;
				CLANG_WARN_NON_LITERAL_NULL_CONVERSION = YES;
				CLANG_WARN_OBJC_IMPLICIT_RETAIN_SELF = YES;
				CLANG_WARN_OBJC_LITERAL_CONVERSION = YES;
				CLANG_WARN_OBJC_ROOT_CLASS = YES_ERROR;
				CLANG_WARN_QUOTED_INCLUDE_IN_FRAMEWORK_HEADER = YES;
				CLANG_WARN_RANGE_LOOP_ANALYSIS = YES;
				CLANG_WARN_STRICT_PROTOTYPES = YES;
				CLANG_WARN_SUSPICIOUS_MOVE = YES;
				CLANG_WARN_UNGUARDED_AVAILABILITY = YES_AGGRESSIVE;
				CLANG_WARN_UNREACHABLE_CODE = YES;
				CLANG_WARN__DUPLICATE_METHOD_MATCH = YES;
				COPY_PHASE_STRIP = NO;
				DEBUG_INFORMATION_FORMAT = "dwarf-with-dsym";
				ENABLE_NS_ASSERTIONS = NO;
				ENABLE_STRICT_OBJC_MSGSEND = YES;
				GCC_C_LANGUAGE_STANDARD = gnu11;
				GCC_NO_COMMON_BLOCKS = YES;
				GCC_WARN_64_TO_32_BIT_CONVERSION = YES;
				GCC_WARN_ABOUT_RETURN_TYPE = YES_ERROR;
				GCC_WARN_UNDECLARED_SELECTOR = YES;
				GCC_WARN_UNINITIALIZED_AUTOS = YES_AGGRESSIVE;
				GCC_WARN_UNUSED_FUNCTION = YES;
				GCC_WARN_UNUSED_VARIABLE = YES;
				IPHONEOS_DEPLOYMENT_TARGET = 16.4;
				MTL_ENABLE_DEBUG_INFO = NO;
				MTL_FAST_MATH = YES;
				SDKROOT = iphoneos;
				SWIFT_COMPILATION_MODE = wholemodule;
				SWIFT_OPTIMIZATION_LEVEL = "-O";
				VALIDATE_PRODUCT = YES;
			};
			name = Release;
		};
		0A4DEA732AB2E5B4009F673E /* Debug */ = {
			isa = XCBuildConfiguration;
			buildSettings = {
				ASSETCATALOG_COMPILER_APPICON_NAME = AppIcon;
				ASSETCATALOG_COMPILER_GLOBAL_ACCENT_COLOR_NAME = AccentColor;
				CODE_SIGN_STYLE = Automatic;
				CURRENT_PROJECT_VERSION = 1;
				DEVELOPMENT_TEAM = V8FC38Q99C;
				GENERATE_INFOPLIST_FILE = YES;
				INFOPLIST_FILE = bestAppPossibleEver/Info.plist;
				INFOPLIST_KEY_UIApplicationSupportsIndirectInputEvents = YES;
				INFOPLIST_KEY_UILaunchStoryboardName = LaunchScreen;
				INFOPLIST_KEY_UIMainStoryboardFile = Main;
				INFOPLIST_KEY_UISupportedInterfaceOrientations_iPad = "UIInterfaceOrientationPortrait UIInterfaceOrientationPortraitUpsideDown UIInterfaceOrientationLandscapeLeft UIInterfaceOrientationLandscapeRight";
				INFOPLIST_KEY_UISupportedInterfaceOrientations_iPhone = "UIInterfaceOrientationPortrait UIInterfaceOrientationLandscapeLeft UIInterfaceOrientationLandscapeRight";
				LD_RUNPATH_SEARCH_PATHS = (
					"$(inherited)",
					"@executable_path/Frameworks",
				);
				MARKETING_VERSION = 1.0;
				PRODUCT_BUNDLE_IDENTIFIER = com.recycleapp.bestAppPossibleEver;
				PRODUCT_NAME = "$(TARGET_NAME)";
				SWIFT_EMIT_LOC_STRINGS = YES;
				SWIFT_VERSION = 5.0;
				TARGETED_DEVICE_FAMILY = "1,2";
			};
			name = Debug;
		};
		0A4DEA742AB2E5B4009F673E /* Release */ = {
			isa = XCBuildConfiguration;
			buildSettings = {
				ASSETCATALOG_COMPILER_APPICON_NAME = AppIcon;
				ASSETCATALOG_COMPILER_GLOBAL_ACCENT_COLOR_NAME = AccentColor;
				CODE_SIGN_STYLE = Automatic;
				CURRENT_PROJECT_VERSION = 1;
				DEVELOPMENT_TEAM = V8FC38Q99C;
				GENERATE_INFOPLIST_FILE = YES;
				INFOPLIST_FILE = bestAppPossibleEver/Info.plist;
				INFOPLIST_KEY_UIApplicationSupportsIndirectInputEvents = YES;
				INFOPLIST_KEY_UILaunchStoryboardName = LaunchScreen;
				INFOPLIST_KEY_UIMainStoryboardFile = Main;
				INFOPLIST_KEY_UISupportedInterfaceOrientations_iPad = "UIInterfaceOrientationPortrait UIInterfaceOrientationPortraitUpsideDown UIInterfaceOrientationLandscapeLeft UIInterfaceOrientationLandscapeRight";
				INFOPLIST_KEY_UISupportedInterfaceOrientations_iPhone = "UIInterfaceOrientationPortrait UIInterfaceOrientationLandscapeLeft UIInterfaceOrientationLandscapeRight";
				LD_RUNPATH_SEARCH_PATHS = (
					"$(inherited)",
					"@executable_path/Frameworks",
				);
				MARKETING_VERSION = 1.0;
				PRODUCT_BUNDLE_IDENTIFIER = com.recycleapp.bestAppPossibleEver;
				PRODUCT_NAME = "$(TARGET_NAME)";
				SWIFT_EMIT_LOC_STRINGS = YES;
				SWIFT_VERSION = 5.0;
				TARGETED_DEVICE_FAMILY = "1,2";
			};
			name = Release;
		};
/* End XCBuildConfiguration section */

/* Begin XCConfigurationList section */
		0A4DEA592AB2E5B3009F673E /* Build configuration list for PBXProject "bestAppPossibleEver" */ = {
			isa = XCConfigurationList;
			buildConfigurations = (
				0A4DEA702AB2E5B4009F673E /* Debug */,
				0A4DEA712AB2E5B4009F673E /* Release */,
			);
			defaultConfigurationIsVisible = 0;
			defaultConfigurationName = Release;
		};
		0A4DEA722AB2E5B4009F673E /* Build configuration list for PBXNativeTarget "bestAppPossibleEver" */ = {
			isa = XCConfigurationList;
			buildConfigurations = (
				0A4DEA732AB2E5B4009F673E /* Debug */,
				0A4DEA742AB2E5B4009F673E /* Release */,
			);
			defaultConfigurationIsVisible = 0;
			defaultConfigurationName = Release;
		};
/* End XCConfigurationList section */
	};
	rootObject = 0A4DEA562AB2E5B3009F673E /* Project object */;
}
